
Microsoft Visual Studio Solution File, Format Version 12.00
# Visual Studio 2012
Project("{FAE04EC0-301F-11D3-BF4B-00C04F79EFBC}") = "Chapter 35 Asynchronous Programming", "Chapter 35 Asynchronous Programming.csproj", "{3241674C-C313-48AF-9095-2A0F0ADFBB30}"
EndProject
Global
	GlobalSection(SolutionConfigurationPlatforms) = preSolution
		Debug|Any CPU = Debug|Any CPU
		Release|Any CPU = Release|Any CPU
	EndGlobalSection
	GlobalSection(ProjectConfigurationPlatforms) = postSolution
		{3241674C-C313-48AF-9095-2A0F0ADFBB30}.Debug|Any CPU.ActiveCfg = Debug|Any CPU
		{3241674C-C313-48AF-9095-2A0F0ADFBB30}.Debug|Any CPU.Build.0 = Debug|Any CPU
		{3241674C-C313-48AF-9095-2A0F0ADFBB30}.Release|Any CPU.ActiveCfg = Release|Any CPU
		{3241674C-C313-48AF-9095-2A0F0ADFBB30}.Release|Any CPU.Build.0 = Release|Any CPU
	EndGlobalSection
	GlobalSection(SolutionProperties) = preSolution
		HideSolutionNode = FALSE
	EndGlobalSection
EndGlobal
