
Microsoft Visual Studio Solution File, Format Version 12.00
# Visual Studio 2012
Project("{FAE04EC0-301F-11D3-BF4B-00C04F79EFBC}") = "Chapter 24 - Dynamic types", "Chapter 24 - Dynamic types\Chapter 24 - Dynamic types.csproj", "{3124A407-62C7-448C-B57F-18691A4D0BF0}"
EndProject
Global
	GlobalSection(SolutionConfigurationPlatforms) = preSolution
		Debug|Any CPU = Debug|Any CPU
		Release|Any CPU = Release|Any CPU
	EndGlobalSection
	GlobalSection(ProjectConfigurationPlatforms) = postSolution
		{3124A407-62C7-448C-B57F-18691A4D0BF0}.Debug|Any CPU.ActiveCfg = Debug|Any CPU
		{3124A407-62C7-448C-B57F-18691A4D0BF0}.Debug|Any CPU.Build.0 = Debug|Any CPU
		{3124A407-62C7-448C-B57F-18691A4D0BF0}.Release|Any CPU.ActiveCfg = Release|Any CPU
		{3124A407-62C7-448C-B57F-18691A4D0BF0}.Release|Any CPU.Build.0 = Release|Any CPU
	EndGlobalSection
	GlobalSection(SolutionProperties) = preSolution
		HideSolutionNode = FALSE
	EndGlobalSection
EndGlobal
