
Microsoft Visual Studio Solution File, Format Version 12.00
# Visual Studio 2012
Project("{FAE04EC0-301F-11D3-BF4B-00C04F79EFBC}") = "Chapter 34 Threading", "Chapter 34 Threading.csproj", "{74E88427-FC4E-47D0-A6D6-AE0C6A67FC31}"
EndProject
Global
	GlobalSection(SolutionConfigurationPlatforms) = preSolution
		Debug|Any CPU = Debug|Any CPU
		Release|Any CPU = Release|Any CPU
	EndGlobalSection
	GlobalSection(ProjectConfigurationPlatforms) = postSolution
		{74E88427-FC4E-47D0-A6D6-AE0C6A67FC31}.Debug|Any CPU.ActiveCfg = Debug|Any CPU
		{74E88427-FC4E-47D0-A6D6-AE0C6A67FC31}.Debug|Any CPU.Build.0 = Debug|Any CPU
		{74E88427-FC4E-47D0-A6D6-AE0C6A67FC31}.Release|Any CPU.ActiveCfg = Release|Any CPU
		{74E88427-FC4E-47D0-A6D6-AE0C6A67FC31}.Release|Any CPU.Build.0 = Release|Any CPU
	EndGlobalSection
	GlobalSection(SolutionProperties) = preSolution
		HideSolutionNode = FALSE
	EndGlobalSection
EndGlobal
