
Microsoft Visual Studio Solution File, Format Version 9.00
# Visual Studio 2005
Project("{FAE04EC0-301F-11D3-BF4B-00C04F79EFBC}") = "FrameworksOverview", "FrameworksOverview\FrameworksOverview.csproj", "{FD56F6EF-EC3F-48D5-8973-5CDF1D133BEC}"
EndProject
Global
	GlobalSection(SolutionConfigurationPlatforms) = preSolution
		Debug|Any CPU = Debug|Any CPU
		Release|Any CPU = Release|Any CPU
	EndGlobalSection
	GlobalSection(ProjectConfigurationPlatforms) = postSolution
		{FD56F6EF-EC3F-48D5-8973-5CDF1D133BEC}.Debug|Any CPU.ActiveCfg = Debug|Any CPU
		{FD56F6EF-EC3F-48D5-8973-5CDF1D133BEC}.Debug|Any CPU.Build.0 = Debug|Any CPU
		{FD56F6EF-EC3F-48D5-8973-5CDF1D133BEC}.Release|Any CPU.ActiveCfg = Release|Any CPU
		{FD56F6EF-EC3F-48D5-8973-5CDF1D133BEC}.Release|Any CPU.Build.0 = Release|Any CPU
	EndGlobalSection
	GlobalSection(SolutionProperties) = preSolution
		HideSolutionNode = FALSE
	EndGlobalSection
EndGlobal
